
Microsoft Visual Studio Solution File, Format Version 12.00
# Visual Studio Version 17
VisualStudioVersion = 17.6.33723.286
MinimumVisualStudioVersion = 10.0.40219.1
Project("{FAE04EC0-301F-11D3-BF4B-00C04F79EFBC}") = "Introducción 31-5-23", "Introducción 31-5-23\Introducción 31-5-23.csproj", "{0BDCA437-0791-480E-8607-09D698F36041}"
EndProject
Global
	GlobalSection(SolutionConfigurationPlatforms) = preSolution
		Debug|Any CPU = Debug|Any CPU
		Release|Any CPU = Release|Any CPU
	EndGlobalSection
	GlobalSection(ProjectConfigurationPlatforms) = postSolution
		{0BDCA437-0791-480E-8607-09D698F36041}.Debug|Any CPU.ActiveCfg = Debug|Any CPU
		{0BDCA437-0791-480E-8607-09D698F36041}.Debug|Any CPU.Build.0 = Debug|Any CPU
		{0BDCA437-0791-480E-8607-09D698F36041}.Release|Any CPU.ActiveCfg = Release|Any CPU
		{0BDCA437-0791-480E-8607-09D698F36041}.Release|Any CPU.Build.0 = Release|Any CPU
	EndGlobalSection
	GlobalSection(SolutionProperties) = preSolution
		HideSolutionNode = FALSE
	EndGlobalSection
	GlobalSection(ExtensibilityGlobals) = postSolution
		SolutionGuid = {4050F2CF-D196-4B57-A098-86042E1BF069}
	EndGlobalSection
EndGlobal
